<?xml version="1.0" encoding="utf-8"?>
<Project ToolsVersion="4.0" xmlns="http://schemas.microsoft.com/developer/msbuild/2003">
  <ItemGroup>
    <Filter Include="Header Files">
      <UniqueIdentifier>{251b71ea-02b9-41b9-89e9-a3ff88b2536b}</UniqueIdentifier>
    </Filter>
    <Filter Include="Source Files">
      <UniqueIdentifier>{3514d3d6-cbc5-4092-818e-f716e5ec1930}</UniqueIdentifier>
    </Filter>
    <Filter Include="Dear ImGui">
      <UniqueIdentifier>{eb2cc179-cd9f-4743-9cfd-c101aa5cd0fe}</UniqueIdentifier>
    </Filter>
  </ItemGroup>
  <ItemGroup>
    <ClCompile Include="ImGui\imgui_impl_opengl3.cpp">
      <Filter>Dear ImGui</Filter>
    </ClCompile>
    <ClCompile Include="Sources\Main.cpp">
      <Filter>Source Files</Filter>
    </ClCompile>
    <ClCompile Include="Sources\RenderWindow.cpp">
      <Filter>Source Files</Filter>
    </ClCompile>
    <ClCompile Include="Sources\Input.cpp">
      <Filter>Source Files</Filter>
    </ClCompile>
  </ItemGroup>
  <ItemGroup>
    <ClInclude Include="ImGui\imgui_impl_opengl3.h">
      <Filter>Dear ImGui</Filter>
    </ClInclude>
    <ClInclude Include="Headers\RenderWindow.h">
      <Filter>Header Files</Filter>
    </ClInclude>
    <ClInclude Include="Headers\Input.h">
      <Filter>Header Files</Filter>
    </ClInclude>
  </ItemGroup>
</Project>